
Microsoft Visual Studio Solution File, Format Version 12.00
# Visual Studio 15
VisualStudioVersion = 15.0.26124.0
MinimumVisualStudioVersion = 15.0.26124.0
Project("{2150E333-8FDC-42A3-9474-1A3956D46DE8}") = "src", "src", "{A4F52919-6534-4FD1-8A83-6071C469355D}"
EndProject
Project("{FAE04EC0-301F-11D3-BF4B-00C04F79EFBC}") = "DesignPatternLib", "src\DesignPatternLib\DesignPatternLib.csproj", "{41387B28-7D84-438A-9524-82AFF4C07352}"
EndProject
Project("{FAE04EC0-301F-11D3-BF4B-00C04F79EFBC}") = "App", "src\App\App.csproj", "{0B829720-3DF9-4E24-B6AE-0D37D5606172}"
EndProject
Project("{FAE04EC0-301F-11D3-BF4B-00C04F79EFBC}") = "DesignPatternLib.Test", "src\DesignPatternLib.Test\DesignPatternLib.Test.csproj", "{1592AC27-D4D0-4567-BCDE-FD20CB099D4E}"
EndProject
Global
	GlobalSection(SolutionConfigurationPlatforms) = preSolution
		Debug|Any CPU = Debug|Any CPU
		Debug|x64 = Debug|x64
		Debug|x86 = Debug|x86
		Release|Any CPU = Release|Any CPU
		Release|x64 = Release|x64
		Release|x86 = Release|x86
	EndGlobalSection
	GlobalSection(SolutionProperties) = preSolution
		HideSolutionNode = FALSE
	EndGlobalSection
	GlobalSection(ProjectConfigurationPlatforms) = postSolution
		{41387B28-7D84-438A-9524-82AFF4C07352}.Debug|Any CPU.ActiveCfg = Debug|Any CPU
		{41387B28-7D84-438A-9524-82AFF4C07352}.Debug|Any CPU.Build.0 = Debug|Any CPU
		{41387B28-7D84-438A-9524-82AFF4C07352}.Debug|x64.ActiveCfg = Debug|x64
		{41387B28-7D84-438A-9524-82AFF4C07352}.Debug|x64.Build.0 = Debug|x64
		{41387B28-7D84-438A-9524-82AFF4C07352}.Debug|x86.ActiveCfg = Debug|x86
		{41387B28-7D84-438A-9524-82AFF4C07352}.Debug|x86.Build.0 = Debug|x86
		{41387B28-7D84-438A-9524-82AFF4C07352}.Release|Any CPU.ActiveCfg = Release|Any CPU
		{41387B28-7D84-438A-9524-82AFF4C07352}.Release|Any CPU.Build.0 = Release|Any CPU
		{41387B28-7D84-438A-9524-82AFF4C07352}.Release|x64.ActiveCfg = Release|x64
		{41387B28-7D84-438A-9524-82AFF4C07352}.Release|x64.Build.0 = Release|x64
		{41387B28-7D84-438A-9524-82AFF4C07352}.Release|x86.ActiveCfg = Release|x86
		{41387B28-7D84-438A-9524-82AFF4C07352}.Release|x86.Build.0 = Release|x86
		{0B829720-3DF9-4E24-B6AE-0D37D5606172}.Debug|Any CPU.ActiveCfg = Debug|Any CPU
		{0B829720-3DF9-4E24-B6AE-0D37D5606172}.Debug|Any CPU.Build.0 = Debug|Any CPU
		{0B829720-3DF9-4E24-B6AE-0D37D5606172}.Debug|x64.ActiveCfg = Debug|x64
		{0B829720-3DF9-4E24-B6AE-0D37D5606172}.Debug|x64.Build.0 = Debug|x64
		{0B829720-3DF9-4E24-B6AE-0D37D5606172}.Debug|x86.ActiveCfg = Debug|x86
		{0B829720-3DF9-4E24-B6AE-0D37D5606172}.Debug|x86.Build.0 = Debug|x86
		{0B829720-3DF9-4E24-B6AE-0D37D5606172}.Release|Any CPU.ActiveCfg = Release|Any CPU
		{0B829720-3DF9-4E24-B6AE-0D37D5606172}.Release|Any CPU.Build.0 = Release|Any CPU
		{0B829720-3DF9-4E24-B6AE-0D37D5606172}.Release|x64.ActiveCfg = Release|x64
		{0B829720-3DF9-4E24-B6AE-0D37D5606172}.Release|x64.Build.0 = Release|x64
		{0B829720-3DF9-4E24-B6AE-0D37D5606172}.Release|x86.ActiveCfg = Release|x86
		{0B829720-3DF9-4E24-B6AE-0D37D5606172}.Release|x86.Build.0 = Release|x86
		{1592AC27-D4D0-4567-BCDE-FD20CB099D4E}.Debug|Any CPU.ActiveCfg = Debug|Any CPU
		{1592AC27-D4D0-4567-BCDE-FD20CB099D4E}.Debug|Any CPU.Build.0 = Debug|Any CPU
		{1592AC27-D4D0-4567-BCDE-FD20CB099D4E}.Debug|x64.ActiveCfg = Debug|x64
		{1592AC27-D4D0-4567-BCDE-FD20CB099D4E}.Debug|x64.Build.0 = Debug|x64
		{1592AC27-D4D0-4567-BCDE-FD20CB099D4E}.Debug|x86.ActiveCfg = Debug|x86
		{1592AC27-D4D0-4567-BCDE-FD20CB099D4E}.Debug|x86.Build.0 = Debug|x86
		{1592AC27-D4D0-4567-BCDE-FD20CB099D4E}.Release|Any CPU.ActiveCfg = Release|Any CPU
		{1592AC27-D4D0-4567-BCDE-FD20CB099D4E}.Release|Any CPU.Build.0 = Release|Any CPU
		{1592AC27-D4D0-4567-BCDE-FD20CB099D4E}.Release|x64.ActiveCfg = Release|x64
		{1592AC27-D4D0-4567-BCDE-FD20CB099D4E}.Release|x64.Build.0 = Release|x64
		{1592AC27-D4D0-4567-BCDE-FD20CB099D4E}.Release|x86.ActiveCfg = Release|x86
		{1592AC27-D4D0-4567-BCDE-FD20CB099D4E}.Release|x86.Build.0 = Release|x86
	EndGlobalSection
	GlobalSection(NestedProjects) = preSolution
		{41387B28-7D84-438A-9524-82AFF4C07352} = {A4F52919-6534-4FD1-8A83-6071C469355D}
		{0B829720-3DF9-4E24-B6AE-0D37D5606172} = {A4F52919-6534-4FD1-8A83-6071C469355D}
		{1592AC27-D4D0-4567-BCDE-FD20CB099D4E} = {A4F52919-6534-4FD1-8A83-6071C469355D}
	EndGlobalSection
EndGlobal
